
Microsoft Visual Studio Solution File, Format Version 12.00
# Visual Studio Version 17
VisualStudioVersion = 17.11.35327.3
MinimumVisualStudioVersion = 10.0.40219.1
Project("{FAE04EC0-301F-11D3-BF4B-00C04F79EFBC}") = "TeaHouse.api", "TeaHouse.api.csproj", "{EEED6786-1751-4796-B5E3-5A32C0C356AB}"
EndProject
Global
	GlobalSection(SolutionConfigurationPlatforms) = preSolution
		Debug|Any CPU = Debug|Any CPU
		Release|Any CPU = Release|Any CPU
	EndGlobalSection
	GlobalSection(ProjectConfigurationPlatforms) = postSolution
		{EEED6786-1751-4796-B5E3-5A32C0C356AB}.Debug|Any CPU.ActiveCfg = Debug|Any CPU
		{EEED6786-1751-4796-B5E3-5A32C0C356AB}.Debug|Any CPU.Build.0 = Debug|Any CPU
		{EEED6786-1751-4796-B5E3-5A32C0C356AB}.Release|Any CPU.ActiveCfg = Release|Any CPU
		{EEED6786-1751-4796-B5E3-5A32C0C356AB}.Release|Any CPU.Build.0 = Release|Any CPU
	EndGlobalSection
	GlobalSection(SolutionProperties) = preSolution
		HideSolutionNode = FALSE
	EndGlobalSection
	GlobalSection(ExtensibilityGlobals) = postSolution
		SolutionGuid = {39FD0B3C-B2CB-47FB-9255-2A1862794A05}
	EndGlobalSection
EndGlobal
